
Microsoft Visual Studio Solution File, Format Version 12.00
# Visual Studio Version 16
VisualStudioVersion = 16.0.32901.82
MinimumVisualStudioVersion = 10.0.40219.1
Project("{FAE04EC0-301F-11D3-BF4B-00C04F79EFBC}") = "ClaseTresExtensionMethodsExceptionsUnittest", "ClaseTresExtensionMethodsExceptionsUnittest\ClaseTresExtensionMethodsExceptionsUnittest.csproj", "{638DBF12-DDA8-49D4-B4A8-E40478FE8766}"
EndProject
Global
	GlobalSection(SolutionConfigurationPlatforms) = preSolution
		Debug|Any CPU = Debug|Any CPU
		Release|Any CPU = Release|Any CPU
	EndGlobalSection
	GlobalSection(ProjectConfigurationPlatforms) = postSolution
		{638DBF12-DDA8-49D4-B4A8-E40478FE8766}.Debug|Any CPU.ActiveCfg = Debug|Any CPU
		{638DBF12-DDA8-49D4-B4A8-E40478FE8766}.Debug|Any CPU.Build.0 = Debug|Any CPU
		{638DBF12-DDA8-49D4-B4A8-E40478FE8766}.Release|Any CPU.ActiveCfg = Release|Any CPU
		{638DBF12-DDA8-49D4-B4A8-E40478FE8766}.Release|Any CPU.Build.0 = Release|Any CPU
	EndGlobalSection
	GlobalSection(SolutionProperties) = preSolution
		HideSolutionNode = FALSE
	EndGlobalSection
	GlobalSection(ExtensibilityGlobals) = postSolution
		SolutionGuid = {4F29E56E-1B86-46DF-812F-5EC883E48EAB}
	EndGlobalSection
EndGlobal
