
Microsoft Visual Studio Solution File, Format Version 12.00
# Visual Studio Version 16
VisualStudioVersion = 16.0.32901.82
MinimumVisualStudioVersion = 10.0.40219.1
Project("{FAE04EC0-301F-11D3-BF4B-00C04F79EFBC}") = "Ejercicio-POO", "Ejercicio-POO\Ejercicio-POO.csproj", "{02EE3672-E4D2-4940-A19D-FF30E5549B83}"
EndProject
Global
	GlobalSection(SolutionConfigurationPlatforms) = preSolution
		Debug|Any CPU = Debug|Any CPU
		Release|Any CPU = Release|Any CPU
	EndGlobalSection
	GlobalSection(ProjectConfigurationPlatforms) = postSolution
		{02EE3672-E4D2-4940-A19D-FF30E5549B83}.Debug|Any CPU.ActiveCfg = Debug|Any CPU
		{02EE3672-E4D2-4940-A19D-FF30E5549B83}.Debug|Any CPU.Build.0 = Debug|Any CPU
		{02EE3672-E4D2-4940-A19D-FF30E5549B83}.Release|Any CPU.ActiveCfg = Release|Any CPU
		{02EE3672-E4D2-4940-A19D-FF30E5549B83}.Release|Any CPU.Build.0 = Release|Any CPU
	EndGlobalSection
	GlobalSection(SolutionProperties) = preSolution
		HideSolutionNode = FALSE
	EndGlobalSection
	GlobalSection(ExtensibilityGlobals) = postSolution
		SolutionGuid = {C9AF729A-8B78-4745-84BB-54EC40172AD9}
	EndGlobalSection
EndGlobal
